
Microsoft Visual Studio Solution File, Format Version 12.00
# Visual Studio Version 17
VisualStudioVersion = 17.4.33110.190
MinimumVisualStudioVersion = 10.0.40219.1
Project("{2150E333-8FDC-42A3-9474-1A3956D46DE8}") = "FrontEnd", "FrontEnd", "{C37865EB-B98A-4A6C-A471-D5F2BA4710B1}"
EndProject
Project("{2150E333-8FDC-42A3-9474-1A3956D46DE8}") = "Services", "Services", "{3ECEE9E4-4D88-4AEE-8782-8B0653246267}"
EndProject
Project("{9A19103F-16F7-4668-BE54-9A1E7A4F7556}") = "GeekShopping.Web", "GeekShopping.Web\GeekShopping.Web.csproj", "{6987D88B-538D-46CC-9E40-7AB5810040B4}"
EndProject
Project("{9A19103F-16F7-4668-BE54-9A1E7A4F7556}") = "GeekShopping.ProductAPI", "GeekShopping.ProductAPI\GeekShopping.ProductAPI.csproj", "{2F9B9E55-DC42-4FA3-B861-82E410106054}"
EndProject
Project("{9A19103F-16F7-4668-BE54-9A1E7A4F7556}") = "Project1", "Project1\Project1.csproj", "{2B71A538-3DFE-4C49-B993-0EB557F33718}"
EndProject
Global
	GlobalSection(SolutionConfigurationPlatforms) = preSolution
		Debug|Any CPU = Debug|Any CPU
		Release|Any CPU = Release|Any CPU
	EndGlobalSection
	GlobalSection(ProjectConfigurationPlatforms) = postSolution
		{6987D88B-538D-46CC-9E40-7AB5810040B4}.Debug|Any CPU.ActiveCfg = Debug|Any CPU
		{6987D88B-538D-46CC-9E40-7AB5810040B4}.Debug|Any CPU.Build.0 = Debug|Any CPU
		{6987D88B-538D-46CC-9E40-7AB5810040B4}.Release|Any CPU.ActiveCfg = Release|Any CPU
		{6987D88B-538D-46CC-9E40-7AB5810040B4}.Release|Any CPU.Build.0 = Release|Any CPU
		{2F9B9E55-DC42-4FA3-B861-82E410106054}.Debug|Any CPU.ActiveCfg = Debug|Any CPU
		{2F9B9E55-DC42-4FA3-B861-82E410106054}.Debug|Any CPU.Build.0 = Debug|Any CPU
		{2F9B9E55-DC42-4FA3-B861-82E410106054}.Release|Any CPU.ActiveCfg = Release|Any CPU
		{2F9B9E55-DC42-4FA3-B861-82E410106054}.Release|Any CPU.Build.0 = Release|Any CPU
		{2B71A538-3DFE-4C49-B993-0EB557F33718}.Debug|Any CPU.ActiveCfg = Debug|Any CPU
		{2B71A538-3DFE-4C49-B993-0EB557F33718}.Debug|Any CPU.Build.0 = Debug|Any CPU
		{2B71A538-3DFE-4C49-B993-0EB557F33718}.Release|Any CPU.ActiveCfg = Release|Any CPU
		{2B71A538-3DFE-4C49-B993-0EB557F33718}.Release|Any CPU.Build.0 = Release|Any CPU
	EndGlobalSection
	GlobalSection(SolutionProperties) = preSolution
		HideSolutionNode = FALSE
	EndGlobalSection
	GlobalSection(NestedProjects) = preSolution
		{6987D88B-538D-46CC-9E40-7AB5810040B4} = {C37865EB-B98A-4A6C-A471-D5F2BA4710B1}
		{2F9B9E55-DC42-4FA3-B861-82E410106054} = {3ECEE9E4-4D88-4AEE-8782-8B0653246267}
		{2B71A538-3DFE-4C49-B993-0EB557F33718} = {3ECEE9E4-4D88-4AEE-8782-8B0653246267}
	EndGlobalSection
	GlobalSection(ExtensibilityGlobals) = postSolution
		SolutionGuid = {6DF4B680-7B09-4FC3-9994-4988B1A746BE}
	EndGlobalSection
EndGlobal
